
Microsoft Visual Studio Solution File, Format Version 12.00
# Visual Studio Version 16
VisualStudioVersion = 16.0.31911.196
MinimumVisualStudioVersion = 10.0.40219.1
Project("{9A19103F-16F7-4668-BE54-9A1E7A4F7556}") = "курсовая_Tarasov", "курсовая_Tarasov\курсовая_Tarasov.csproj", "{B40134A2-4846-4771-85E4-021161E9FFA5}"
EndProject
Global
	GlobalSection(SolutionConfigurationPlatforms) = preSolution
		Debug|Any CPU = Debug|Any CPU
		Release|Any CPU = Release|Any CPU
	EndGlobalSection
	GlobalSection(ProjectConfigurationPlatforms) = postSolution
		{B40134A2-4846-4771-85E4-021161E9FFA5}.Debug|Any CPU.ActiveCfg = Debug|Any CPU
		{B40134A2-4846-4771-85E4-021161E9FFA5}.Debug|Any CPU.Build.0 = Debug|Any CPU
		{B40134A2-4846-4771-85E4-021161E9FFA5}.Release|Any CPU.ActiveCfg = Release|Any CPU
		{B40134A2-4846-4771-85E4-021161E9FFA5}.Release|Any CPU.Build.0 = Release|Any CPU
	EndGlobalSection
	GlobalSection(SolutionProperties) = preSolution
		HideSolutionNode = FALSE
	EndGlobalSection
	GlobalSection(ExtensibilityGlobals) = postSolution
		SolutionGuid = {569D2FD8-CBEB-46D2-BB6D-8F758129318A}
	EndGlobalSection
EndGlobal
